{
  "schema_version": "bettor-arena-workflow-lock@1.0.0",
  "workflow_commit": "3bbb9946805528c2e2483c438382f594e92da79c",
  "workflow_tags": [],
  "built_from": {
    "container": "container-3bbb99468055-dirty.json",
    "equivalence": "equivalence-3bbb99468055-dirty.json",
    "harness": "harness-3bbb99468055-dirty.json",
    "macro": "macro-3bbb99468055-dirty.json",
    "micro": "micro-3bbb99468055-dirty.json",
    "notebooklm": "notebooklm-3bbb99468055-dirty.json",
    "openwiki": "openwiki-3bbb99468055-dirty.json",
    "policy": "policy-3bbb99468055-dirty.json",
    "workflow": "workflow-3bbb99468055-dirty.json"
  },
  "counts": {
    "artifact": 46,
    "context": 51,
    "harness": 80,
    "optional": 1
  },
  "workflow_digest": "35b07f9e992301670390eb1cc38627098a74af60f8f5f260f582ebc91f8445c1",
  "files": {
    ".agents/skills/notebooklm-workflow/SKILL.md": {
      "sha256": "82ae3cd978860905485065b8a611e22c5c02f6e911abb946ff9722eecea5638d",
      "hash_source": "index",
      "kind": "context",
      "loops": [
        "notebooklm"
      ]
    },
    ".agents/skills/notebooklm-workflow/modules/ai-monetization-doc-harvest.md": {
      "sha256": "160dca099e363f85ef08d0868bfa57fa4e1f4e3d7beda04d694e585f7cf5bbf3",
      "hash_source": "index",
      "kind": "context",
      "loops": [
        "notebooklm"
      ]
    },
    ".githooks/commit-msg": {
      "sha256": "ef00e571d655216dae0e365cea36477aecda16030b43abc5e402f04917240a26",
      "hash_source": "index",
      "kind": "harness",
      "loops": [
        "macro",
        "workflow"
      ]
    },
    ".githooks/lib/validate_molecular_message.ts": {
      "sha256": "1018ea21ed174a9db75d098f38a281e1d17493d55ba062a0da798b20a5d4ef3f",
      "hash_source": "index",
      "kind": "harness",
      "loops": [
        "macro"
      ]
    },
    ".githooks/post-commit": {
      "sha256": "e0e628b4a79c8caf6993b23bdfad2c95219790c28fa737d203c7677adec38028",
      "hash_source": "index",
      "kind": "harness",
      "loops": [
        "macro"
      ]
    },
    ".githooks/pre-commit": {
      "sha256": "97f33b7c8520644bb0adb7c16f0f247265f627612f20c322eb32cbdeb21e4648",
      "hash_source": "index",
      "kind": "harness",
      "loops": [
        "macro"
      ]
    },
    ".githooks/prepare-commit-msg": {
      "sha256": "37b7eae8dc05ced9f16c276c549c8a57c1cda45b99a7fef552ab441a1d175b7f",
      "hash_source": "index",
      "kind": "harness",
      "loops": [
        "macro",
        "workflow"
      ]
    },
    ".gitignore": {
      "sha256": "e990eecc5a2129ea22121b73d7b506069e302614099dec30f09a72c5f313e122",
      "hash_source": "index",
      "kind": "harness",
      "loops": [
        "container"
      ]
    },
    ".grepai/index.gob": {
      "sha256": "e3b0c44298fc1c149afbf4c8996fb92427ae41e4649b934ca495991b7852b855",
      "hash_source": "index",
      "kind": "optional",
      "loops": [
        "macro"
      ]
    },
    "AGENTS.md": {
      "sha256": "0dd461e9776fd7d1dfb601a05f73ba6e888c755905c84328670453668fedc255",
      "hash_source": "index",
      "kind": "context",
      "loops": [
        "macro"
      ]
    },
    "ARCHITECTURE.md": {
      "sha256": "f514805b6497a539d989d9256dfa5062fe7207e3c93dc29f560ec12da03bc5f6",
      "hash_source": "index",
      "kind": "context",
      "loops": [
        "macro"
      ]
    },
    "CLAUDE.md": {
      "sha256": "18e6dd53bb6ca9e845262c86877331de1a669b2f4fe763e180b20a7532e10857",
      "hash_source": "index",
      "kind": "context",
      "loops": [
        "macro"
      ]
    },
    "CONTEXT.md": {
      "sha256": "99c0aec92e45d1dfa626f310356c6f3913d47301d9733b8b4a9efe1f83741621",
      "hash_source": "index",
      "kind": "context",
      "loops": [
        "macro"
      ]
    },
    "bootstrap.sh": {
      "sha256": "27e1f14705aae3d759839cabc6494bc0ea3e95fb50e0fc461ce756665a584130",
      "hash_source": "index",
      "kind": "harness",
      "loops": [
        "macro"
      ]
    },
    "data/receipts/post-commit-3bbb9946805528c2e2483c438382f594e92da79c.json": {
      "sha256": "e3b0c44298fc1c149afbf4c8996fb92427ae41e4649b934ca495991b7852b855",
      "hash_source": "index",
      "kind": "artifact",
      "loops": [
        "macro"
      ]
    },
    "data/wiki-update/request-ingest-note.json": {
      "sha256": "e3b0c44298fc1c149afbf4c8996fb92427ae41e4649b934ca495991b7852b855",
      "hash_source": "index",
      "kind": "artifact",
      "loops": [
        "micro"
      ]
    },
    "data/wiki-update/request-issue23-dryrun.json": {
      "sha256": "e3b0c44298fc1c149afbf4c8996fb92427ae41e4649b934ca495991b7852b855",
      "hash_source": "index",
      "kind": "artifact",
      "loops": [
        "micro"
      ]
    },
    "data/wiki-update/request-pdf-probe.json": {
      "sha256": "e3b0c44298fc1c149afbf4c8996fb92427ae41e4649b934ca495991b7852b855",
      "hash_source": "index",
      "kind": "artifact",
      "loops": [
        "micro"
      ]
    },
    "data/wiki-update/request-poweron-2026-08-06.json": {
      "sha256": "e3b0c44298fc1c149afbf4c8996fb92427ae41e4649b934ca495991b7852b855",
      "hash_source": "index",
      "kind": "artifact",
      "loops": [
        "micro"
      ]
    },
    "data/wiki-update/request-repo-probe.json": {
      "sha256": "e3b0c44298fc1c149afbf4c8996fb92427ae41e4649b934ca495991b7852b855",
      "hash_source": "index",
      "kind": "artifact",
      "loops": [
        "micro"
      ]
    },
    "data/wiki-update/request-review-i23.json": {
      "sha256": "e3b0c44298fc1c149afbf4c8996fb92427ae41e4649b934ca495991b7852b855",
      "hash_source": "index",
      "kind": "artifact",
      "loops": [
        "micro",
        "openwiki"
      ]
    },
    "delivery.json": {
      "sha256": "50c62f5fd059566a50252b439f2d244240c05cbfd950598452e71394288837b6",
      "hash_source": "index",
      "kind": "artifact",
      "loops": [
        "macro"
      ]
    },
    "kb-ingest/README.md": {
      "sha256": "1512eee4129e6b302c8efc7a8f257bbfdfd4c750db9624e7859b98f152fe671f",
      "hash_source": "index",
      "kind": "context",
      "loops": [
        "openwiki"
      ]
    },
    "kb-ingest/check_repo_wiki_converge.py": {
      "sha256": "5121b6523010f1f67c58af0ed65db85ed7eee2177e8e51813401afa8ed8d3fdb",
      "hash_source": "index",
      "kind": "harness",
      "loops": [
        "openwiki"
      ]
    },
    "kb-ingest/openwiki/init.system.md": {
      "sha256": "5b593bc50502709e2e83fdc4db66d9bd45cd3e36e85a9aa7bc4b48c121ef92b1",
      "hash_source": "index",
      "kind": "context",
      "loops": [
        "openwiki"
      ]
    },
    "kb-ingest/openwiki/subagents/answer-verifier.md": {
      "sha256": "75ce90d7d7dba63cd95c8f792b72d3ba1168bdac7f1d1330cc0e08cc8d011407",
      "hash_source": "index",
      "kind": "context",
      "loops": [
        "openwiki"
      ]
    },
    "kb-ingest/openwiki/subagents/question-finder.md": {
      "sha256": "1d7226bbfb4f25fd5c5637377c3a1a1ad916fc2726625eb598e4f63f2909379f",
      "hash_source": "index",
      "kind": "context",
      "loops": [
        "openwiki"
      ]
    },
    "kb-ingest/openwiki/subagents/skeleton-critic.md": {
      "sha256": "ff95d5d926f684ac96b51ccfba0541403c82490da79c4e2be8ff9101916e51a1",
      "hash_source": "index",
      "kind": "context",
      "loops": [
        "openwiki"
      ]
    },
    "kb-ingest/openwiki/update.system.md": {
      "sha256": "b5294f29eba92ece529d39891bd9de0d5ad9ba6789b59ee73bfbb867995eb314",
      "hash_source": "index",
      "kind": "context",
      "loops": [
        "openwiki"
      ]
    },
    "kb-ingest/openwiki/user.init.md": {
      "sha256": "5c804008518c4694b2ed7fe05df38eea1f68f8647843e133af7664a675e7ed9d",
      "hash_source": "index",
      "kind": "context",
      "loops": [
        "openwiki"
      ]
    },
    "kb-ingest/openwiki/user.update.md": {
      "sha256": "057222b1f24e8a3dfa877725003743648d443af6d0d7529caf38344548855b71",
      "hash_source": "index",
      "kind": "context",
      "loops": [
        "openwiki"
      ]
    },
    "kb-ingest/port/host-runtime.md": {
      "sha256": "1b2d83bdafefff8102209b048a1015e0472ba4708ec32a80c3dc8ceb201a6b5a",
      "hash_source": "index",
      "kind": "context",
      "loops": [
        "openwiki"
      ]
    },
    "kb-ingest/port/openwiki_post.py": {
      "sha256": "395cc2ea452e01564f303a758921207cb0879ba190e1f12cebe52cca6204ef9f",
      "hash_source": "index",
      "kind": "harness",
      "loops": [
        "openwiki"
      ]
    },
    "kb-ingest/port/openwiki_subagent.sh": {
      "sha256": "17d678e2055b4d17a958a744aa05cbe85dbe922fd3a0ba84df479bc4a44abf7f",
      "hash_source": "index",
      "kind": "harness",
      "loops": [
        "openwiki"
      ]
    },
    "kb-ingest/port/wiki_update_worker.sh": {
      "sha256": "02179cd530dd68a682a58dec1647e4cf789907040dd12585943ef568750ddb31",
      "hash_source": "index",
      "kind": "harness",
      "loops": [
        "openwiki"
      ]
    },
    "loop_wiki/README.md": {
      "sha256": "8b56cdc74ddd862d346eb58d09641ce1da60491e506b1f349534407f1dc0e3cb",
      "hash_source": "index",
      "kind": "context",
      "loops": [
        "micro"
      ]
    },
    "loop_wiki/evolve-perfect-seed-repo-factory/AGENTS.md": {
      "sha256": "4b7d037c3f88ac43840ef8fa1695a862e62cc3f5ee3c01c6fae1d04ead28e78a",
      "hash_source": "index",
      "kind": "context",
      "loops": [
        "micro"
      ]
    },
    "loop_wiki/evolve-perfect-seed-repo-factory/PROMPT.md": {
      "sha256": "a7b6371f84fac089eb92fd21cd7365526efb0fe01e154a9b130cef40a01fe14c",
      "hash_source": "index",
      "kind": "context",
      "loops": [
        "micro"
      ]
    },
    "loop_wiki/evolve-perfect-seed-repo-factory/baselines/seed-stats.json": {
      "sha256": "1fe1b043a2a9dc181132df6937b1421dc51c7d94d2704d5cfe427eaeacf64e97",
      "hash_source": "index",
      "kind": "artifact",
      "loops": [
        "micro"
      ]
    },
    "loop_wiki/evolve-perfect-seed-repo-factory/modules/eight-base-laws.md": {
      "sha256": "6eb191194d50a58bcd5fc23cae7ce7b43a84d8976a09cc8b06dd1f3ed95a6d77",
      "hash_source": "index",
      "kind": "context",
      "loops": [
        "micro"
      ]
    },
    "loop_wiki/evolve-perfect-seed-repo-factory/modules/exchange-formats.md": {
      "sha256": "f6a617e998ee9a6090752238c0f6ac4534da84065307cca7422afa3f4abb699a",
      "hash_source": "index",
      "kind": "context",
      "loops": [
        "micro"
      ]
    },
    "loop_wiki/evolve-perfect-seed-repo-factory/modules/semantic-truth-context.md": {
      "sha256": "6e13393d01086ff4bb17682610f62c258b6645c82d4b3dad6873091b42713938",
      "hash_source": "index",
      "kind": "context",
      "loops": [
        "micro"
      ]
    },
    "loop_wiki/evolve-perfect-seed-repo-factory/packets/inbox/dr-example.json": {
      "sha256": "f89c8fbb4950dcd70489d2ff0967f2e32c57e415ab3fb8ccea2e82b54d568f8d",
      "hash_source": "index",
      "kind": "context",
      "loops": [
        "micro"
      ]
    },
    "loop_wiki/evolve-perfect-seed-repo-factory/packets/outbox/route-result.dr-example.json": {
      "sha256": "e3b0c44298fc1c149afbf4c8996fb92427ae41e4649b934ca495991b7852b855",
      "hash_source": "index",
      "kind": "artifact",
      "loops": [
        "micro"
      ]
    },
    "loop_wiki/evolve-perfect-seed-repo-factory/packets/outbox/route-result.ingest-note.json": {
      "sha256": "e3b0c44298fc1c149afbf4c8996fb92427ae41e4649b934ca495991b7852b855",
      "hash_source": "index",
      "kind": "artifact",
      "loops": [
        "micro"
      ]
    },
    "loop_wiki/evolve-perfect-seed-repo-factory/packets/outbox/route-result.issue23-dryrun.json": {
      "sha256": "e3b0c44298fc1c149afbf4c8996fb92427ae41e4649b934ca495991b7852b855",
      "hash_source": "index",
      "kind": "artifact",
      "loops": [
        "micro"
      ]
    },
    "loop_wiki/evolve-perfect-seed-repo-factory/packets/outbox/route-result.pdf-probe.json": {
      "sha256": "e3b0c44298fc1c149afbf4c8996fb92427ae41e4649b934ca495991b7852b855",
      "hash_source": "index",
      "kind": "artifact",
      "loops": [
        "micro"
      ]
    },
    "loop_wiki/evolve-perfect-seed-repo-factory/packets/outbox/route-result.poweron-2026-08-06.json": {
      "sha256": "e3b0c44298fc1c149afbf4c8996fb92427ae41e4649b934ca495991b7852b855",
      "hash_source": "index",
      "kind": "artifact",
      "loops": [
        "micro"
      ]
    },
    "loop_wiki/evolve-perfect-seed-repo-factory/packets/outbox/route-result.repo-probe.json": {
      "sha256": "e3b0c44298fc1c149afbf4c8996fb92427ae41e4649b934ca495991b7852b855",
      "hash_source": "index",
      "kind": "artifact",
      "loops": [
        "micro"
      ]
    },
    "loop_wiki/evolve-perfect-seed-repo-factory/packets/outbox/route-result.review-i23.json": {
      "sha256": "e3b0c44298fc1c149afbf4c8996fb92427ae41e4649b934ca495991b7852b855",
      "hash_source": "index",
      "kind": "artifact",
      "loops": [
        "micro"
      ]
    },
    "loop_wiki/evolve-perfect-seed-repo-factory/portability.sh": {
      "sha256": "0beb4c2b50534afc8927d5615c06d8b3500a61900361a15cb5f5a99ea9a0d454",
      "hash_source": "index",
      "kind": "harness",
      "loops": [
        "micro"
      ]
    },
    "loop_wiki/evolve-perfect-seed-repo-factory/run.sh": {
      "sha256": "38e00ce56adb2358d15ac91bc8c26aba42e730fdf70e35f6e3109b248904df36",
      "hash_source": "index",
      "kind": "harness",
      "loops": [
        "micro"
      ]
    },
    "loop_wiki/evolve-perfect-seed-repo-factory/selftest.sh": {
      "sha256": "aab49f12d8a366fd983b0b3e69e0c8058fb132693a4bc57bc66556a950a52b92",
      "hash_source": "index",
      "kind": "harness",
      "loops": [
        "micro"
      ]
    },
    "loop_wiki/evolve-perfect-seed-repo-factory/src/cli.ts": {
      "sha256": "94b1525f2a725d81f0a2cf7c84baa46aaa058f788fd9a402b4e16c5454669e47",
      "hash_source": "index",
      "kind": "harness",
      "loops": [
        "micro"
      ]
    },
    "loop_wiki/evolve-perfect-seed-repo-factory/src/run_generated_fast_quality.ts": {
      "sha256": "be3ec8899d3e693b1af7e59f3704540900a854829995c1d979df852dc80ce199",
      "hash_source": "index",
      "kind": "harness",
      "loops": [
        "micro"
      ]
    },
    "loop_wiki/evolve-perfect-seed-repo-factory/src/verify_generated_repo.ts": {
      "sha256": "ddd60a8ac0db74da97891f4bf442ca08178a58ec98131c8d0c71055614faf3d4",
      "hash_source": "index",
      "kind": "harness",
      "loops": [
        "micro"
      ]
    },
    "loop_wiki/evolve-perfect-seed-repo-factory/trigger.sh": {
      "sha256": "1092fa2d73eeb37afac824ad7396dab91aaf328c830c5ce84d8381f913251537",
      "hash_source": "index",
      "kind": "harness",
      "loops": [
        "micro"
      ]
    },
    "loop_wiki/evolve-perfect-seed-repo-factory/verify.sh": {
      "sha256": "61d36f5199d15856258d79e28e9565ed66c9866892ecf4c34ed1a13a10edd3c9",
      "hash_source": "index",
      "kind": "harness",
      "loops": [
        "micro"
      ]
    },
    "loop_wiki/evolve-technical-equivalence-research/.gitignore": {
      "sha256": "20a8fb45f2c02ad3290dad02f73ae114fff21cbe00aa7d41f46570a161518cfe",
      "hash_source": "index",
      "kind": "harness",
      "loops": [
        "equivalence"
      ]
    },
    "loop_wiki/evolve-technical-equivalence-research/AGENTS.md": {
      "sha256": "bc28f873c999d6a7f0f3bbdcd1feb33c3a72bf940001434b06ed76d99754c44c",
      "hash_source": "index",
      "kind": "context",
      "loops": [
        "equivalence"
      ]
    },
    "loop_wiki/evolve-technical-equivalence-research/PROMPT.md": {
      "sha256": "7b6d76d2642e93e650f67242818232f1c08df817319620054edaa3333491057d",
      "hash_source": "index",
      "kind": "context",
      "loops": [
        "equivalence"
      ]
    },
    "loop_wiki/evolve-technical-equivalence-research/ROUTES.md": {
      "sha256": "5958369622a4cd500150876ef6f373ae712afc3197b3891b2e8d5bcc910311e8",
      "hash_source": "index",
      "kind": "context",
      "loops": [
        "equivalence"
      ]
    },
    "loop_wiki/evolve-technical-equivalence-research/_runs/proof/selftest-receipt.json": {
      "sha256": "e3b0c44298fc1c149afbf4c8996fb92427ae41e4649b934ca495991b7852b855",
      "hash_source": "index",
      "kind": "artifact",
      "loops": [
        "equivalence"
      ]
    },
    "loop_wiki/evolve-technical-equivalence-research/adapter-registry.json": {
      "sha256": "04893d0b4bcafa80a5fd05981b6c94121aa2b7f4bff279b95733de2038bf6df0",
      "hash_source": "index",
      "kind": "context",
      "loops": [
        "equivalence"
      ]
    },
    "loop_wiki/evolve-technical-equivalence-research/drift.py": {
      "sha256": "0b026215274d7ae37d004f16eef900b5054543ce5163bb41bf434d4eb30704c4",
      "hash_source": "index",
      "kind": "harness",
      "loops": [
        "equivalence"
      ]
    },
    "loop_wiki/evolve-technical-equivalence-research/equivalence.py": {
      "sha256": "7aa48629336c3a3fde10ab98f6bc11757837e5b1d6f7486f24ec23afceec9774",
      "hash_source": "index",
      "kind": "harness",
      "loops": [
        "equivalence"
      ]
    },
    "loop_wiki/evolve-technical-equivalence-research/legacy_compare.py": {
      "sha256": "fb5a013fbbaf472090180112c5b6c30f4de39a35faed829cd78307b37ebe239f",
      "hash_source": "index",
      "kind": "context",
      "loops": [
        "equivalence"
      ]
    },
    "loop_wiki/evolve-technical-equivalence-research/modules/architecture.md": {
      "sha256": "7a76adc931b44ff875c69920e064ed6a96784327f0faf7169e41cc7353c38df2",
      "hash_source": "index",
      "kind": "context",
      "loops": [
        "equivalence"
      ]
    },
    "loop_wiki/evolve-technical-equivalence-research/modules/exchange-formats.md": {
      "sha256": "403d6f4656dc38ae0226dc74d8514ca6a3b338291f84293fbca50c64797fa73f",
      "hash_source": "index",
      "kind": "context",
      "loops": [
        "equivalence"
      ]
    },
    "loop_wiki/evolve-technical-equivalence-research/modules/production-readiness.md": {
      "sha256": "70245a8d20b4376e7358f03d92d3070c2f8ef812e4ff75c37cef8daf880e0b54",
      "hash_source": "index",
      "kind": "context",
      "loops": [
        "equivalence"
      ]
    },
    "loop_wiki/evolve-technical-equivalence-research/profile/legacy-baseline.md": {
      "sha256": "afce23df160e720718fdfcc66b7ea7b00abe9ad72ac24a758b9c2bab2e031d47",
      "hash_source": "index",
      "kind": "context",
      "loops": [
        "equivalence"
      ]
    },
    "loop_wiki/evolve-technical-equivalence-research/profile/technical-equivalence.md": {
      "sha256": "5e9075b81b60a9b1589de84fff21ed2de1fab93550310c5806ce3dc0662f9bc9",
      "hash_source": "index",
      "kind": "context",
      "loops": [
        "equivalence"
      ]
    },
    "loop_wiki/evolve-technical-equivalence-research/profile_validator.py": {
      "sha256": "3596b8026ec99b73b2d9a160e3458695e8a48c812badef39cae64f5b124f6f4b",
      "hash_source": "index",
      "kind": "context",
      "loops": [
        "equivalence"
      ]
    },
    "loop_wiki/evolve-technical-equivalence-research/schemas/adapter-receipt.schema.json": {
      "sha256": "444a3f6943c5c509aeea26f14e1fb9a02c42f05a81cfa1f9d909bd0c971de76b",
      "hash_source": "index",
      "kind": "context",
      "loops": [
        "equivalence"
      ]
    },
    "loop_wiki/evolve-technical-equivalence-research/schemas/canary-observation.schema.json": {
      "sha256": "20b01cdf0d5a7c41fbe0d203b68da1f5abfdbd037c24a8d7be92fa8c07f07f2e",
      "hash_source": "index",
      "kind": "context",
      "loops": [
        "equivalence"
      ]
    },
    "loop_wiki/evolve-technical-equivalence-research/schemas/equivalence-request.schema.json": {
      "sha256": "51b6c8fbef2637ba478cf6a2cf6d37f7c403e99dc887d51c6c376b1e6276d9e6",
      "hash_source": "index",
      "kind": "context",
      "loops": [
        "equivalence"
      ]
    },
    "loop_wiki/evolve-technical-equivalence-research/schemas/judge-packet.schema.json": {
      "sha256": "47ef53296fd7c809e880448539a315e61b801efe47424dc3bc283941800d0cb0",
      "hash_source": "index",
      "kind": "context",
      "loops": [
        "equivalence"
      ]
    },
    "loop_wiki/evolve-technical-equivalence-research/schemas/judge-result.schema.json": {
      "sha256": "d8929556427b3b7cb6ce4a5fea71f9b449798186f689861f3e344b4ce0838234",
      "hash_source": "index",
      "kind": "context",
      "loops": [
        "equivalence"
      ]
    },
    "loop_wiki/evolve-technical-equivalence-research/schemas/research-request.schema.json": {
      "sha256": "fefede3dbfa54fd55ef89e7f0ed6e4bfaeb6b0ede52c0bb5e1ff50c5c7cddd1c",
      "hash_source": "index",
      "kind": "context",
      "loops": [
        "equivalence"
      ]
    },
    "loop_wiki/evolve-technical-equivalence-research/schemas/research-result.schema.json": {
      "sha256": "a57a1270dad961821d4d41581187ec824358bc2859c46353c22c8f45a32878ce",
      "hash_source": "index",
      "kind": "context",
      "loops": [
        "equivalence"
      ]
    },
    "loop_wiki/evolve-technical-equivalence-research/schemas/route-result.schema.json": {
      "sha256": "9899818929c6c97975e50e6c436d34f5be4060285894c9d92e32836968f96271",
      "hash_source": "index",
      "kind": "context",
      "loops": [
        "equivalence"
      ]
    },
    "loop_wiki/evolve-technical-equivalence-research/schemas/sync-bundle.schema.json": {
      "sha256": "439a95e93ae32c5065813939099ebe3e95a195e8122baedbd403797b7ccdad21",
      "hash_source": "index",
      "kind": "context",
      "loops": [
        "equivalence"
      ]
    },
    "loop_wiki/evolve-technical-equivalence-research/schemas/verification-bundle.schema.json": {
      "sha256": "95c3cbe42ed4ade7461dbd67fc1c5d9e7bff161fdb3df881d790f6e257c2a202",
      "hash_source": "index",
      "kind": "context",
      "loops": [
        "equivalence"
      ]
    },
    "loop_wiki/evolve-technical-equivalence-research/selftest.py": {
      "sha256": "b5719ec6005cfe78371ea3074038a7f32e910f33a9363408d2f62ca8ab4056d2",
      "hash_source": "index",
      "kind": "context",
      "loops": [
        "equivalence"
      ]
    },
    "loop_wiki/evolve-technical-equivalence-research/selftest.sh": {
      "sha256": "f50f2fbaee2ab5de7680296da19037cd25c4e16374ed83b72239c2570eea6a74",
      "hash_source": "index",
      "kind": "harness",
      "loops": [
        "equivalence"
      ]
    },
    "loop_wiki/evolve-technical-equivalence-research/tests/test_cli.py": {
      "sha256": "75ba66f0469cb2a2ebcaff143c170e7fd40d92968b800bcfc33f59122cb890bd",
      "hash_source": "index",
      "kind": "context",
      "loops": [
        "equivalence"
      ]
    },
    "loop_wiki/evolve-technical-equivalence-research/tests/test_drift.py": {
      "sha256": "eea1a88e4e680d5ab23358cb8eef33866b1db2be7098d44d031ddf7c29b8bfab",
      "hash_source": "index",
      "kind": "context",
      "loops": [
        "equivalence"
      ]
    },
    "loopctl/Dockerfile": {
      "sha256": "08d03199593ca77d1d65129b4e559659cf2eb3e6e8ff4b672663109030dd1e61",
      "hash_source": "index",
      "kind": "harness",
      "loops": [
        "container"
      ]
    },
    "loopctl/README.md": {
      "sha256": "f909a0039b140543dcacc3852879b74ce325219336ab48907430d6663b60a865",
      "hash_source": "index",
      "kind": "context",
      "loops": [
        "macro"
      ]
    },
    "loopctl/automode-bench.sh": {
      "sha256": "f782ea758871561494748693665c244422af93e6b08aa2e632837fd143b36453",
      "hash_source": "index",
      "kind": "harness",
      "loops": [
        "container"
      ]
    },
    "loopctl/automode_report.py": {
      "sha256": "06f04fb17b3b1acbf67fd2c1534daaee90684e7acae474848f9f88bcad3875a4",
      "hash_source": "index",
      "kind": "harness",
      "loops": [
        "container"
      ]
    },
    "loopctl/codex-sandbox.sh": {
      "sha256": "715e53126a0ab7cfd4bda997d4940e5f29a841b789beb87f777bce6c60cebd4c",
      "hash_source": "index",
      "kind": "harness",
      "loops": [
        "container"
      ]
    },
    "loopctl/container-run.sh": {
      "sha256": "bcb5ab9fcfd8c1c93289b463daa0e1723d657b07fccfddf1399882026da72174",
      "hash_source": "index",
      "kind": "harness",
      "loops": [
        "container"
      ]
    },
    "loopctl/container_preflight.sh": {
      "sha256": "b7bd149947dd03ccd12f649ecf5a20f5f800f5eaad875f262ec67fe77e99bad6",
      "hash_source": "index",
      "kind": "harness",
      "loops": [
        "container"
      ]
    },
    "loopctl/contract.json": {
      "sha256": "05a45b3025e9266cfad749aa2c968a78b06c72eb60f1ba53d57dcfacdb1cbd0f",
      "hash_source": "index",
      "kind": "harness",
      "loops": [
        "macro"
      ]
    },
    "loopctl/ingest.py": {
      "sha256": "b03134f20261c4ec8b6c4818f44d17f034bbf7e3a12043d9ffe31e43dc3ce0b1",
      "hash_source": "index",
      "kind": "harness",
      "loops": [
        "macro"
      ]
    },
    "loopctl/lineage.py": {
      "sha256": "6ce5b651397233a7c2cb84a8f24d42b9450544d829af7c2a4bc09b713c939008",
      "hash_source": "index",
      "kind": "harness",
      "loops": [
        "macro",
        "workflow"
      ]
    },
    "loopctl/loopctl.sh": {
      "sha256": "3a0d628afddbae6b9f4d0aacd338068e860e896e5670934fe06d5b4965e5722e",
      "hash_source": "index",
      "kind": "harness",
      "loops": [
        "macro",
        "notebooklm"
      ]
    },
    "loopctl/mcp_server.py": {
      "sha256": "d6fdf7127131ed6b558859fceb0e60f253d6ffb61175aec7c8aa5c6027b9b855",
      "hash_source": "index",
      "kind": "harness",
      "loops": [
        "policy"
      ]
    },
    "loopctl/mcp_tools.py": {
      "sha256": "132ae26dc1f979eb48550bae5a5945e07fd11dffe2d07c4b68c4836d28bb3b72",
      "hash_source": "index",
      "kind": "harness",
      "loops": [
        "policy"
      ]
    },
    "loopctl/replay.sh": {
      "sha256": "2a654c9b63df597c0e9c5002dde41b0ffcfc91427824dd09a3b4ccf4053bd3fb",
      "hash_source": "index",
      "kind": "harness",
      "loops": [
        "macro",
        "workflow"
      ]
    },
    "loopctl/result_json.py": {
      "sha256": "68fe1a3c48a0d7f14c45231e17ffe4e2515dd2e1c061765116c1e18806ea6c44",
      "hash_source": "index",
      "kind": "harness",
      "loops": [
        "policy"
      ]
    },
    "loopctl/sandbox-policy.yaml": {
      "sha256": "05cc02e3618cdc9c8aa2339ed1b026b2cf75454f8220b58d68af0fafcf888755",
      "hash_source": "index",
      "kind": "harness",
      "loops": [
        "policy"
      ]
    },
    "loopctl/selftest.sh": {
      "sha256": "a30928d3b19fb33574ebebcef4a9a8ddf68df97974657f133bbddcc3480d8c23",
      "hash_source": "index",
      "kind": "harness",
      "loops": [
        "macro"
      ]
    },
    "loopctl/surface.lock": {
      "sha256": "612e7d22e0b44640b9cba324138dd71aa0d38996c24c1c497d13efc1499b0e38",
      "hash_source": "index",
      "kind": "harness",
      "loops": [
        "macro"
      ]
    },
    "loopctl/surface_digest.py": {
      "sha256": "dd5ff678ef188a1c4243d0f2c1823cea3e114d650d48dec94b6dba7644554021",
      "hash_source": "index",
      "kind": "harness",
      "loops": [
        "macro"
      ]
    },
    "loopctl/workflow_lock.py": {
      "sha256": "8b2ef6d6439a7b658e96271db6f52d5685982e03f5815979837e417fa16220d0",
      "hash_source": "index",
      "kind": "harness",
      "loops": [
        "macro",
        "workflow"
      ]
    },
    "mcp/README.md": {
      "sha256": "eab2228cf86ab3feabd2a302f569190cc24ebe093f7bee178a6df1c29322748b",
      "hash_source": "index",
      "kind": "context",
      "loops": [
        "macro"
      ]
    },
    "mcp/context-pack/benchmarks/receipts/m1-pro-2026-07-29.json": {
      "sha256": "d54e14099d75d46b92f9c92b01a71ba7bfe5a4f13639cf4c912597507e06cbf6",
      "hash_source": "index",
      "kind": "artifact",
      "loops": [
        "macro"
      ]
    },
    "mcp/context-pack/src/context_pack_mcp/engine.py": {
      "sha256": "8b9438953539a55ec32d5145f59f7d2fe9bc1764d92ef881ee898b7e5878f646",
      "hash_source": "index",
      "kind": "harness",
      "loops": [
        "macro"
      ]
    },
    "mcp/context-pack/src/context_pack_mcp/server.py": {
      "sha256": "de3fd4123199ef68d69ddaeaa7c4cbeebd2cdc67a0e5cb93a3002d3bd4acd67d",
      "hash_source": "index",
      "kind": "harness",
      "loops": [
        "macro"
      ]
    },
    "mcp/production/migrate.py": {
      "sha256": "fca9fc11347867c06348d7afacbd25ae04eb51ea37e75f1952df60d88465b929",
      "hash_source": "index",
      "kind": "harness",
      "loops": [
        "macro"
      ]
    },
    "mcp/production/probe_stdio.py": {
      "sha256": "6c5416c63bc533dd50500cfcac12d055ac62e58a24fe3eafd8ff39a81102bac8",
      "hash_source": "index",
      "kind": "harness",
      "loops": [
        "macro"
      ]
    },
    "notebooklm/README.md": {
      "sha256": "d871b7c016f8a414340edb8daa4a2e85cbd337c75914ea757a363abf1b611f5a",
      "hash_source": "index",
      "kind": "context",
      "loops": [
        "notebooklm"
      ]
    },
    "notebooklm/drive_fetch.py": {
      "sha256": "83a0b521447ba0104016d0f253743552affe45e38646bbafb00708b1eeed1856",
      "hash_source": "index",
      "kind": "harness",
      "loops": [
        "notebooklm"
      ]
    },
    "notebooklm/registry.json": {
      "sha256": "a3ae452c2de05bd3dd848f43cf827fcc44eea6f4ed115149ab3bba308dd85739",
      "hash_source": "index",
      "kind": "harness",
      "loops": [
        "notebooklm"
      ]
    },
    "notebooklm/workflow.py": {
      "sha256": "32ab294deb597a3ae75be0d6e0027e342e947ed68f9989bb9b2bee1abc0a3385",
      "hash_source": "index",
      "kind": "harness",
      "loops": [
        "notebooklm"
      ]
    },
    "openwiki/.last-update.json": {
      "sha256": "9badc5a7f37f12da17ef2011782f50f38ee5d1ccf5b22e2e1a67d0bdcf80d3a0",
      "hash_source": "index",
      "kind": "artifact",
      "loops": [
        "openwiki"
      ]
    },
    "openwiki/architecture.md": {
      "sha256": "a88b7fd385cd8f1fb4ef7a046a12be3182b599152cd5adba2f16ac13678f735b",
      "hash_source": "index",
      "kind": "artifact",
      "loops": [
        "openwiki"
      ]
    },
    "openwiki/data-ledgers.md": {
      "sha256": "8eb000f524ed14f6a57631182167a6d95ca446fcb54bdaacc768905f74a9d46b",
      "hash_source": "index",
      "kind": "artifact",
      "loops": [
        "openwiki"
      ]
    },
    "openwiki/factory/build-pipeline.md": {
      "sha256": "626e6e40b05a5e22120c683b6f8d8c25f028b0aa6f44a05a1b23bef849a60a9c",
      "hash_source": "index",
      "kind": "artifact",
      "loops": [
        "openwiki"
      ]
    },
    "openwiki/factory/generated-repo.md": {
      "sha256": "eb4b2240ee19f141b3f368de68f3bb03e5e293656d309eb9827224c66792bcda",
      "hash_source": "index",
      "kind": "artifact",
      "loops": [
        "openwiki"
      ]
    },
    "openwiki/factory/index.md": {
      "sha256": "2d2538db29a55126dff11ede16d87f8a2cfb0401dc438c263b5ac93445608693",
      "hash_source": "index",
      "kind": "artifact",
      "loops": [
        "openwiki"
      ]
    },
    "openwiki/factory/overview.md": {
      "sha256": "a82f7fa25be9b6db1ab535bc0930e09a77b49326b683c8d15fe11aee90ef8ee7",
      "hash_source": "index",
      "kind": "artifact",
      "loops": [
        "openwiki"
      ]
    },
    "openwiki/factory/packet-contract.md": {
      "sha256": "7f46974863805eba78874e4c0411eac01ac047bf4e7aabf8975f84fb363fc976",
      "hash_source": "index",
      "kind": "artifact",
      "loops": [
        "openwiki"
      ]
    },
    "openwiki/factory/v2-plan.md": {
      "sha256": "5c8513d480ef50fa4dd9b37ffaa26b284627b5410510e4736deee804ce757e75",
      "hash_source": "index",
      "kind": "artifact",
      "loops": [
        "openwiki"
      ]
    },
    "openwiki/factory/verification.md": {
      "sha256": "da1e3025d2e81484dc390e8093b3b4b302b2506a7b66ca4f90292b4ee9d34f37",
      "hash_source": "index",
      "kind": "artifact",
      "loops": [
        "openwiki"
      ]
    },
    "openwiki/gates/fast-quality.md": {
      "sha256": "473ed92cde909432bfc324d7072cf773323142b80f9e3bfb92c9f22f0dd4c72a",
      "hash_source": "index",
      "kind": "artifact",
      "loops": [
        "openwiki"
      ]
    },
    "openwiki/gates/index.md": {
      "sha256": "136e45266ea5fe5f286db5e411b1a6dd31c856f9ce8961a24dabeb1f2fc43032",
      "hash_source": "index",
      "kind": "artifact",
      "loops": [
        "openwiki"
      ]
    },
    "openwiki/gates/structure-gates.md": {
      "sha256": "453ed9a5d489979de890cf47b27a81883754c4cdd4467c8ecf316af7c8344737",
      "hash_source": "index",
      "kind": "artifact",
      "loops": [
        "openwiki"
      ]
    },
    "openwiki/host-loop/bootstrap.md": {
      "sha256": "2127cf70b10e4fec0fbde24076a3a50351d493ad1e1a074bcacdb2d6633c4a93",
      "hash_source": "index",
      "kind": "artifact",
      "loops": [
        "openwiki"
      ]
    },
    "openwiki/host-loop/claude-host.md": {
      "sha256": "ebce821e4689ef98c68363c4f1a6a21bedfb09caf654db4a1907df894c57c82e",
      "hash_source": "index",
      "kind": "artifact",
      "loops": [
        "openwiki"
      ]
    },
    "openwiki/host-loop/git-hooks.md": {
      "sha256": "b4d90c22f11ad462fded2bb590e5bcc8d80bc860a0f67a6382da38819d4b9daf",
      "hash_source": "index",
      "kind": "artifact",
      "loops": [
        "openwiki"
      ]
    },
    "openwiki/host-loop/index.md": {
      "sha256": "35d36ddba97f2bffc813674a1a3884e2b04ec6cdd62aca6c7e30821f310736db",
      "hash_source": "index",
      "kind": "artifact",
      "loops": [
        "openwiki"
      ]
    },
    "openwiki/host-loop/mcp-surface.md": {
      "sha256": "9e2dc12c5d362cd35c7e25f201f3e23dd6a3ea30f8f3bd439036bbc97e658fb6",
      "hash_source": "index",
      "kind": "artifact",
      "loops": [
        "openwiki"
      ]
    },
    "openwiki/host-loop/molecular-messages.md": {
      "sha256": "7effa1d739353778b6f6d276d5abaf38ff703994c2366df68bb2b73fd588fd3b",
      "hash_source": "index",
      "kind": "artifact",
      "loops": [
        "openwiki"
      ]
    },
    "openwiki/index.md": {
      "sha256": "674028940cf435a59c488d7076608aa25823bc72198635f0a3de014c06acad38",
      "hash_source": "index",
      "kind": "artifact",
      "loops": [
        "openwiki"
      ]
    },
    "openwiki/kb-ingest/index.md": {
      "sha256": "a89fd4c9b1f9a823e97d67bdc1951202663d859f20dba27db1f7be7e99ba10b0",
      "hash_source": "index",
      "kind": "artifact",
      "loops": [
        "openwiki"
      ]
    },
    "openwiki/kb-ingest/official-port.md": {
      "sha256": "d5b4781b91f85359c33a8765def0636e98e94fb6c283671c8b75fa21233ac294",
      "hash_source": "index",
      "kind": "artifact",
      "loops": [
        "openwiki"
      ]
    },
    "openwiki/kb-ingest/overview.md": {
      "sha256": "15ffcd95611114e7477d14a9dc50272028c3acb0e3e3625fa0c11530ac477705",
      "hash_source": "index",
      "kind": "artifact",
      "loops": [
        "openwiki"
      ]
    },
    "openwiki/migration/engine.md": {
      "sha256": "4cb38da89785f71e2fbce4ff09e8132acda7935e6e707564d4815dd54669dbb7",
      "hash_source": "index",
      "kind": "artifact",
      "loops": [
        "openwiki"
      ]
    },
    "openwiki/migration/history.md": {
      "sha256": "d87646c3a48d8b87d409fb119bb4b38036e577f349bb866b91c1b7ef0b3dbe42",
      "hash_source": "index",
      "kind": "artifact",
      "loops": [
        "openwiki"
      ]
    },
    "openwiki/migration/index.md": {
      "sha256": "289d3bc875e1f0b9e76620012ae3cf1b3337835a3bab1ec73965ecba65e3074d",
      "hash_source": "index",
      "kind": "artifact",
      "loops": [
        "openwiki"
      ]
    },
    "openwiki/quickstart.md": {
      "sha256": "4bc3f0899bf5b569c86c21bc6a135e5ba85b51bca96fe7313dc01423a881370e",
      "hash_source": "index",
      "kind": "context",
      "loops": [
        "openwiki"
      ]
    },
    "openwiki/skills-surface.md": {
      "sha256": "763a01efb35e396c04158f67551b621100e19bc8a792b7794bcdded78d8af198",
      "hash_source": "index",
      "kind": "artifact",
      "loops": [
        "openwiki"
      ]
    },
    "openwiki/testing.md": {
      "sha256": "7d6abc51e1e99d765198b05f77694edead4ba2f149025d7b8856bbf792c37571",
      "hash_source": "index",
      "kind": "artifact",
      "loops": [
        "openwiki"
      ]
    },
    "proof_workflow/README.md": {
      "sha256": "13aab01d506bca8508252b2c6a33cce2d988053e07b8117b2a010ec6441bba94",
      "hash_source": "index",
      "kind": "context",
      "loops": [
        "macro"
      ]
    },
    "proof_workflow/control_container_surface.sh": {
      "sha256": "f5d5c344e91114d1d3ead4c4c02ad7c5b1c88a865f0512f207982fc6db100870",
      "hash_source": "index",
      "kind": "harness",
      "loops": [
        "harness"
      ]
    },
    "proof_workflow/control_equivalence_entry.sh": {
      "sha256": "a9b9603d7ce43f51fa50a512f4017cd7cba93f59f071c1b58a178631a17c23a1",
      "hash_source": "index",
      "kind": "harness",
      "loops": [
        "harness"
      ]
    },
    "proof_workflow/control_harness_coverage.sh": {
      "sha256": "21f8ea9401566f332b38a366591ea478f6bbb72d6af213f11184d57db4f1c175",
      "hash_source": "index",
      "kind": "harness",
      "loops": [
        "harness"
      ]
    },
    "proof_workflow/control_macro_entry.sh": {
      "sha256": "48b2ffedbe9cb44fa86e979ec654da41dd51e16b9fe90aa368ee05a57e7eb34e",
      "hash_source": "index",
      "kind": "harness",
      "loops": [
        "harness"
      ]
    },
    "proof_workflow/control_mcp_surface.sh": {
      "sha256": "050ddde4c7227323e6476cacec0ae40411b07c9b66bcc6ca49acb46f1a01f1dd",
      "hash_source": "index",
      "kind": "harness",
      "loops": [
        "harness"
      ]
    },
    "proof_workflow/control_micro_entry.sh": {
      "sha256": "f34f24b1f78c0bd4ff757fc8c940ef64f0e454fe3d8b6c14226d6fd5b8e9c867",
      "hash_source": "index",
      "kind": "harness",
      "loops": [
        "harness"
      ]
    },
    "proof_workflow/control_notebooklm_entry.sh": {
      "sha256": "0d31fe2c56fbe784e343cd94bb9f437bc21606058a374f0e3c55ee0be037d7d0",
      "hash_source": "index",
      "kind": "harness",
      "loops": [
        "harness"
      ]
    },
    "proof_workflow/control_openwiki_entry.sh": {
      "sha256": "f80c6421d491862ba5b956233a77d078583bba025f21513175eafc05478fdf52",
      "hash_source": "index",
      "kind": "harness",
      "loops": [
        "harness"
      ]
    },
    "proof_workflow/control_sandbox_policy.sh": {
      "sha256": "0bbaf83014c82bf7ade10349784bb94265e01b247f26267471d533aa7fc96258",
      "hash_source": "index",
      "kind": "harness",
      "loops": [
        "harness"
      ]
    },
    "proof_workflow/control_workflow_lineage.sh": {
      "sha256": "ca62df06f0aa9cfc2e8d7dfc3297bef6baa0baa56a14d5939cec46cd3c39e118",
      "hash_source": "index",
      "kind": "harness",
      "loops": [
        "harness"
      ]
    },
    "proof_workflow/lib/capture.sh": {
      "sha256": "e675c2def484f292e35fd746ce8caf2e733827a5c9cf926216a20a844c55f9c4",
      "hash_source": "index",
      "kind": "harness",
      "loops": [
        "harness"
      ]
    },
    "proof_workflow/lib/compare_control.py": {
      "sha256": "7b68d190dfa288574fc066392d55ed85a49efecdadd01c87a6e08d2287a9a58a",
      "hash_source": "index",
      "kind": "harness",
      "loops": [
        "harness"
      ]
    },
    "proof_workflow/lib/equivalence_control.py": {
      "sha256": "7d92f93f7943aebd661fb543ad56ecb4e7b0c03a93331fffb0acbdad1f76ac3d",
      "hash_source": "index",
      "kind": "harness",
      "loops": [
        "harness"
      ]
    },
    "proof_workflow/lib/harness_coverage.py": {
      "sha256": "70fcf734c36fa9fd13233c7aa33d5e8a62ef006197853ecddfb0010d6e7a7d4c",
      "hash_source": "index",
      "kind": "harness",
      "loops": [
        "harness"
      ]
    },
    "proof_workflow/lib/prove.sh": {
      "sha256": "d638a46602c3fbce13cca063e5c0102f17670ee0997baf64d46073fab2e54938",
      "hash_source": "index",
      "kind": "harness",
      "loops": [
        "harness"
      ]
    },
    "proof_workflow/lib/shebang_match.py": {
      "sha256": "4c97ee684972e65d7cb202acd9c8fbf4adbe46ee199b8b25d9a96b2b0039554a",
      "hash_source": "index",
      "kind": "harness",
      "loops": [
        "harness"
      ]
    },
    "proof_workflow/prove_container.sh": {
      "sha256": "1890da298ad57dff21e30f6dfb01313b7f2fce1bfff47585be2ba4097b021f22",
      "hash_source": "index",
      "kind": "harness",
      "loops": [
        "harness"
      ]
    },
    "proof_workflow/prove_equivalence.sh": {
      "sha256": "bb3d7128e39c411797b85c40ff3e45d4c9a6710eb8d3cbafd51a17fdc2b66083",
      "hash_source": "index",
      "kind": "harness",
      "loops": [
        "harness"
      ]
    },
    "proof_workflow/prove_harness.sh": {
      "sha256": "de45af12288a3be81df390a92237b69935afc5910fc9c1660f2f96a205b4c770",
      "hash_source": "index",
      "kind": "harness",
      "loops": [
        "harness"
      ]
    },
    "proof_workflow/prove_macro_loop.sh": {
      "sha256": "ccdf2ae20aec42b7245ac34d68ff16bc7231caccd751741b5b671b3f7150a464",
      "hash_source": "index",
      "kind": "harness",
      "loops": [
        "harness"
      ]
    },
    "proof_workflow/prove_micro_loop.sh": {
      "sha256": "5e7f1f5e7eb366073c098e5b274fc9107b9877af2abab8967299ef0df9642244",
      "hash_source": "index",
      "kind": "harness",
      "loops": [
        "harness"
      ]
    },
    "proof_workflow/prove_notebooklm.sh": {
      "sha256": "14fbcfa9ce1df565e43ab60bf86cf49b1b876171753d8e7a2a88868a267b584b",
      "hash_source": "index",
      "kind": "harness",
      "loops": [
        "harness"
      ]
    },
    "proof_workflow/prove_openwiki.sh": {
      "sha256": "164bc709a7260a1f6bd1565e5dda2c890360e868236d730d17dc0b67153e5c01",
      "hash_source": "index",
      "kind": "harness",
      "loops": [
        "harness"
      ]
    },
    "proof_workflow/prove_policy.sh": {
      "sha256": "5510b42eaed372e0d115749e0c105e42d3cf730b58c3c40e6e0ec8ba42bd24fd",
      "hash_source": "index",
      "kind": "harness",
      "loops": [
        "harness"
      ]
    },
    "proof_workflow/prove_workflow.sh": {
      "sha256": "7a45ca70069ff42997ed4b4432496e0383cb27490500276872d223cf514fe896",
      "hash_source": "index",
      "kind": "harness",
      "loops": [
        "harness"
      ]
    },
    "scripts/gates/check_credential_hygiene.py": {
      "sha256": "7dd0c4e38682e8b903549c503c326997445ded4be6be4719f5a180733cfbffa5",
      "hash_source": "index",
      "kind": "harness",
      "loops": [
        "macro"
      ]
    },
    "scripts/gates/check_delivery_receipt.py": {
      "sha256": "d57325a2d94e73be23cb9f5473062e5da1ed807841e18d3d37d21b132f25530f",
      "hash_source": "index",
      "kind": "harness",
      "loops": [
        "macro"
      ]
    },
    "scripts/gates/check_placement.py": {
      "sha256": "00ffac508e3a9e458722be6ca9fb6c533dd43da5d9a33e84f79a2fedf9760781",
      "hash_source": "index",
      "kind": "harness",
      "loops": [
        "macro"
      ]
    },
    "scripts/gates/check_root_coupling.py": {
      "sha256": "5bddf432932d031b7c143f2b5b3f328b6e1349d40a742749a88f5f3d8626ccce",
      "hash_source": "index",
      "kind": "harness",
      "loops": [
        "macro"
      ]
    },
    "scripts/gates/check_skill_pointers.py": {
      "sha256": "af0df09f9195d0a3d13848715c9bdbcd9ae44ab4e60d2d629636ad34e7ed3a44",
      "hash_source": "index",
      "kind": "harness",
      "loops": [
        "macro"
      ]
    },
    "scripts/gates/fast_quality.sh": {
      "sha256": "bd05b590fa1bd919a24457ef7c3cf48be5646eefe08351f9e947c982828b31b9",
      "hash_source": "index",
      "kind": "harness",
      "loops": [
        "macro"
      ]
    }
  }
}
